
Microsoft Visual Studio Solution File, Format Version 12.00
# Visual Studio Express 2013 for Windows Desktop
VisualStudioVersion = 12.0.21005.1
MinimumVisualStudioVersion = 10.0.40219.1
Project("{8BC9CEB8-8B4A-11D0-8D11-00A0C91BC942}") = "datei", "datei.vcxproj", "{2339D546-7674-42CD-B789-FF69916BB5D4}"
EndProject
Project("{8BC9CEB8-8B4A-11D0-8D11-00A0C91BC942}") = "einsdiff", "..\einsdiff\einsdiff.vcxproj", "{8EB8D345-483C-4939-950C-991F183C42CB}"
EndProject
Project("{8BC9CEB8-8B4A-11D0-8D11-00A0C91BC942}") = "zweidiff", "..\zweidiff\zweidiff.vcxproj", "{7687E573-B322-4E71-8CC6-22D7DDE51194}"
EndProject
Global
	GlobalSection(SolutionConfigurationPlatforms) = preSolution
		Debug|Win32 = Debug|Win32
		Release|Win32 = Release|Win32
	EndGlobalSection
	GlobalSection(ProjectConfigurationPlatforms) = postSolution
		{2339D546-7674-42CD-B789-FF69916BB5D4}.Debug|Win32.ActiveCfg = Debug|Win32
		{2339D546-7674-42CD-B789-FF69916BB5D4}.Debug|Win32.Build.0 = Debug|Win32
		{2339D546-7674-42CD-B789-FF69916BB5D4}.Release|Win32.ActiveCfg = Release|Win32
		{2339D546-7674-42CD-B789-FF69916BB5D4}.Release|Win32.Build.0 = Release|Win32
		{8EB8D345-483C-4939-950C-991F183C42CB}.Debug|Win32.ActiveCfg = Debug|Win32
		{8EB8D345-483C-4939-950C-991F183C42CB}.Debug|Win32.Build.0 = Debug|Win32
		{8EB8D345-483C-4939-950C-991F183C42CB}.Release|Win32.ActiveCfg = Release|Win32
		{8EB8D345-483C-4939-950C-991F183C42CB}.Release|Win32.Build.0 = Release|Win32
		{7687E573-B322-4E71-8CC6-22D7DDE51194}.Debug|Win32.ActiveCfg = Debug|Win32
		{7687E573-B322-4E71-8CC6-22D7DDE51194}.Debug|Win32.Build.0 = Debug|Win32
		{7687E573-B322-4E71-8CC6-22D7DDE51194}.Release|Win32.ActiveCfg = Release|Win32
		{7687E573-B322-4E71-8CC6-22D7DDE51194}.Release|Win32.Build.0 = Release|Win32
	EndGlobalSection
	GlobalSection(SolutionProperties) = preSolution
		HideSolutionNode = FALSE
	EndGlobalSection
EndGlobal
